
Microsoft Visual Studio Solution File, Format Version 12.00
# Visual Studio Version 17
VisualStudioVersion = 17.8.34316.72
MinimumVisualStudioVersion = 10.0.40219.1
Project("{8BC9CEB8-8B4A-11D0-8D11-00A0C91BC942}") = "Euclidean algorithm", "Euclidean algorithm\Euclidean algorithm.vcxproj", "{9DCF6B08-B2AE-4F36-A800-06FD775B0552}"
EndProject
Project("{8BC9CEB8-8B4A-11D0-8D11-00A0C91BC942}") = "Division algorithm", "Division algorithm\Division algorithm.vcxproj", "{B71BE820-9F94-4940-8F51-380094DF4457}"
EndProject
Project("{8BC9CEB8-8B4A-11D0-8D11-00A0C91BC942}") = "Gauss summation", "Gauss summation\Gauss summation.vcxproj", "{762BCE33-0F7F-4654-A8B1-8AC8632EA3B6}"
EndProject
Project("{8BC9CEB8-8B4A-11D0-8D11-00A0C91BC942}") = "Factorial calculator without recursion", "Factorial calculator without recursion\Factorial calculator without recursion.vcxproj", "{1DC637F3-17CB-4228-958D-0124C4393B46}"
EndProject
Project("{8BC9CEB8-8B4A-11D0-8D11-00A0C91BC942}") = "Integer overflow algorithm", "Integer overflow algorithm\Integer overflow algorithm.vcxproj", "{6C1902B0-2744-4323-84E0-69D60AF4F1C0}"
EndProject
Project("{8BC9CEB8-8B4A-11D0-8D11-00A0C91BC942}") = "Taylor series expansion", "Taylor series expansion\Taylor series expansion.vcxproj", "{3B786C97-3C9C-4CA6-B97A-02A127FCBECF}"
EndProject
Project("{8BC9CEB8-8B4A-11D0-8D11-00A0C91BC942}") = "Accumulation of amounts", "Accumulation of amounts\Accumulation of amounts.vcxproj", "{D69063A3-FE5F-4B1B-A2C4-1E6C16764776}"
EndProject
Project("{8BC9CEB8-8B4A-11D0-8D11-00A0C91BC942}") = "Pi approximation using Leibniz formula", "Leibniz formula for Pi\Leibniz formula for Pi.vcxproj", "{08ED48EF-492A-4F9E-A8CC-C28D6003B240}"
EndProject
Project("{8BC9CEB8-8B4A-11D0-8D11-00A0C91BC942}") = "Integer factoriel calculation", "Integer factoriel calculation\Integer factoriel calculation.vcxproj", "{F86BF260-9663-47AF-842D-05ABFA6DD849}"
EndProject
Project("{8BC9CEB8-8B4A-11D0-8D11-00A0C91BC942}") = "Pi approximation", "Pi approximation\Pi approximation.vcxproj", "{FD1B9BB2-52CB-408B-8C11-32415AB550FF}"
EndProject
Project("{8BC9CEB8-8B4A-11D0-8D11-00A0C91BC942}") = "Binary search algorithm", "Binary search algorihtm\Binary search algorihtm.vcxproj", "{B4CD20B3-9D39-4BA9-9762-F873D665C9E1}"
EndProject
Project("{8BC9CEB8-8B4A-11D0-8D11-00A0C91BC942}") = "Pi approximation with epsilon", "Pi approximation with epsilon\Pi approximation with epsilon.vcxproj", "{1D0ECD23-3C01-4D8E-BE4C-5BC7A986AF42}"
EndProject
Project("{8BC9CEB8-8B4A-11D0-8D11-00A0C91BC942}") = "Function of sin(x) with Maclaurin series expansion", "Function of sin(x) with Mclaurin series expansion\Function of sin(x) with Mclaurin series expansion.vcxproj", "{D578F9B1-F5D3-408A-81C4-6FB9A40094EE}"
EndProject
Project("{8BC9CEB8-8B4A-11D0-8D11-00A0C91BC942}") = "Linear search algorithm", "Linear search algorithm\Linear search algorithm.vcxproj", "{2520A76E-BF6D-4449-87F0-EC845B1D396C}"
EndProject
Project("{8BC9CEB8-8B4A-11D0-8D11-00A0C91BC942}") = "Sorting an array in another array", "Sorting an array in another array\Sorting an array in another array.vcxproj", "{FBE8D9C2-1211-4D53-940B-4BB747AD627B}"
EndProject
Project("{8BC9CEB8-8B4A-11D0-8D11-00A0C91BC942}") = "Linear search algorithm with sentinel", "Linear search algorithm with pivot\Linear search algorithm with pivot.vcxproj", "{368B071E-F550-46FE-BE9B-480878C718A1}"
EndProject
Project("{8BC9CEB8-8B4A-11D0-8D11-00A0C91BC942}") = "Linear search with multiple targets", "Linear search with multiple targets\Linear search with multiple targets.vcxproj", "{85141108-8B5A-4E7D-A2C5-FCB436151987}"
EndProject
Project("{8BC9CEB8-8B4A-11D0-8D11-00A0C91BC942}") = "Dichotomous search algorithm", "Dichotomous search algorithm\Dichotomous search algorithm.vcxproj", "{B3286B6F-D691-4DC1-B4FF-09E1156EC1CA}"
EndProject
Global
	GlobalSection(SolutionConfigurationPlatforms) = preSolution
		Debug|x64 = Debug|x64
		Debug|x86 = Debug|x86
		Release|x64 = Release|x64
		Release|x86 = Release|x86
	EndGlobalSection
	GlobalSection(ProjectConfigurationPlatforms) = postSolution
		{9DCF6B08-B2AE-4F36-A800-06FD775B0552}.Debug|x64.ActiveCfg = Debug|x64
		{9DCF6B08-B2AE-4F36-A800-06FD775B0552}.Debug|x64.Build.0 = Debug|x64
		{9DCF6B08-B2AE-4F36-A800-06FD775B0552}.Debug|x86.ActiveCfg = Debug|Win32
		{9DCF6B08-B2AE-4F36-A800-06FD775B0552}.Debug|x86.Build.0 = Debug|Win32
		{9DCF6B08-B2AE-4F36-A800-06FD775B0552}.Release|x64.ActiveCfg = Release|x64
		{9DCF6B08-B2AE-4F36-A800-06FD775B0552}.Release|x64.Build.0 = Release|x64
		{9DCF6B08-B2AE-4F36-A800-06FD775B0552}.Release|x86.ActiveCfg = Release|Win32
		{9DCF6B08-B2AE-4F36-A800-06FD775B0552}.Release|x86.Build.0 = Release|Win32
		{B71BE820-9F94-4940-8F51-380094DF4457}.Debug|x64.ActiveCfg = Debug|x64
		{B71BE820-9F94-4940-8F51-380094DF4457}.Debug|x64.Build.0 = Debug|x64
		{B71BE820-9F94-4940-8F51-380094DF4457}.Debug|x86.ActiveCfg = Debug|Win32
		{B71BE820-9F94-4940-8F51-380094DF4457}.Debug|x86.Build.0 = Debug|Win32
		{B71BE820-9F94-4940-8F51-380094DF4457}.Release|x64.ActiveCfg = Release|x64
		{B71BE820-9F94-4940-8F51-380094DF4457}.Release|x64.Build.0 = Release|x64
		{B71BE820-9F94-4940-8F51-380094DF4457}.Release|x86.ActiveCfg = Release|Win32
		{B71BE820-9F94-4940-8F51-380094DF4457}.Release|x86.Build.0 = Release|Win32
		{762BCE33-0F7F-4654-A8B1-8AC8632EA3B6}.Debug|x64.ActiveCfg = Debug|x64
		{762BCE33-0F7F-4654-A8B1-8AC8632EA3B6}.Debug|x64.Build.0 = Debug|x64
		{762BCE33-0F7F-4654-A8B1-8AC8632EA3B6}.Debug|x86.ActiveCfg = Debug|Win32
		{762BCE33-0F7F-4654-A8B1-8AC8632EA3B6}.Debug|x86.Build.0 = Debug|Win32
		{762BCE33-0F7F-4654-A8B1-8AC8632EA3B6}.Release|x64.ActiveCfg = Release|x64
		{762BCE33-0F7F-4654-A8B1-8AC8632EA3B6}.Release|x64.Build.0 = Release|x64
		{762BCE33-0F7F-4654-A8B1-8AC8632EA3B6}.Release|x86.ActiveCfg = Release|Win32
		{762BCE33-0F7F-4654-A8B1-8AC8632EA3B6}.Release|x86.Build.0 = Release|Win32
		{1DC637F3-17CB-4228-958D-0124C4393B46}.Debug|x64.ActiveCfg = Debug|x64
		{1DC637F3-17CB-4228-958D-0124C4393B46}.Debug|x64.Build.0 = Debug|x64
		{1DC637F3-17CB-4228-958D-0124C4393B46}.Debug|x86.ActiveCfg = Debug|Win32
		{1DC637F3-17CB-4228-958D-0124C4393B46}.Debug|x86.Build.0 = Debug|Win32
		{1DC637F3-17CB-4228-958D-0124C4393B46}.Release|x64.ActiveCfg = Release|x64
		{1DC637F3-17CB-4228-958D-0124C4393B46}.Release|x64.Build.0 = Release|x64
		{1DC637F3-17CB-4228-958D-0124C4393B46}.Release|x86.ActiveCfg = Release|Win32
		{1DC637F3-17CB-4228-958D-0124C4393B46}.Release|x86.Build.0 = Release|Win32
		{6C1902B0-2744-4323-84E0-69D60AF4F1C0}.Debug|x64.ActiveCfg = Debug|x64
		{6C1902B0-2744-4323-84E0-69D60AF4F1C0}.Debug|x64.Build.0 = Debug|x64
		{6C1902B0-2744-4323-84E0-69D60AF4F1C0}.Debug|x86.ActiveCfg = Debug|Win32
		{6C1902B0-2744-4323-84E0-69D60AF4F1C0}.Debug|x86.Build.0 = Debug|Win32
		{6C1902B0-2744-4323-84E0-69D60AF4F1C0}.Release|x64.ActiveCfg = Release|x64
		{6C1902B0-2744-4323-84E0-69D60AF4F1C0}.Release|x64.Build.0 = Release|x64
		{6C1902B0-2744-4323-84E0-69D60AF4F1C0}.Release|x86.ActiveCfg = Release|Win32
		{6C1902B0-2744-4323-84E0-69D60AF4F1C0}.Release|x86.Build.0 = Release|Win32
		{3B786C97-3C9C-4CA6-B97A-02A127FCBECF}.Debug|x64.ActiveCfg = Debug|x64
		{3B786C97-3C9C-4CA6-B97A-02A127FCBECF}.Debug|x64.Build.0 = Debug|x64
		{3B786C97-3C9C-4CA6-B97A-02A127FCBECF}.Debug|x86.ActiveCfg = Debug|Win32
		{3B786C97-3C9C-4CA6-B97A-02A127FCBECF}.Debug|x86.Build.0 = Debug|Win32
		{3B786C97-3C9C-4CA6-B97A-02A127FCBECF}.Release|x64.ActiveCfg = Release|x64
		{3B786C97-3C9C-4CA6-B97A-02A127FCBECF}.Release|x64.Build.0 = Release|x64
		{3B786C97-3C9C-4CA6-B97A-02A127FCBECF}.Release|x86.ActiveCfg = Release|Win32
		{3B786C97-3C9C-4CA6-B97A-02A127FCBECF}.Release|x86.Build.0 = Release|Win32
		{D69063A3-FE5F-4B1B-A2C4-1E6C16764776}.Debug|x64.ActiveCfg = Debug|x64
		{D69063A3-FE5F-4B1B-A2C4-1E6C16764776}.Debug|x64.Build.0 = Debug|x64
		{D69063A3-FE5F-4B1B-A2C4-1E6C16764776}.Debug|x86.ActiveCfg = Debug|Win32
		{D69063A3-FE5F-4B1B-A2C4-1E6C16764776}.Debug|x86.Build.0 = Debug|Win32
		{D69063A3-FE5F-4B1B-A2C4-1E6C16764776}.Release|x64.ActiveCfg = Release|x64
		{D69063A3-FE5F-4B1B-A2C4-1E6C16764776}.Release|x64.Build.0 = Release|x64
		{D69063A3-FE5F-4B1B-A2C4-1E6C16764776}.Release|x86.ActiveCfg = Release|Win32
		{D69063A3-FE5F-4B1B-A2C4-1E6C16764776}.Release|x86.Build.0 = Release|Win32
		{08ED48EF-492A-4F9E-A8CC-C28D6003B240}.Debug|x64.ActiveCfg = Debug|x64
		{08ED48EF-492A-4F9E-A8CC-C28D6003B240}.Debug|x64.Build.0 = Debug|x64
		{08ED48EF-492A-4F9E-A8CC-C28D6003B240}.Debug|x86.ActiveCfg = Debug|Win32
		{08ED48EF-492A-4F9E-A8CC-C28D6003B240}.Debug|x86.Build.0 = Debug|Win32
		{08ED48EF-492A-4F9E-A8CC-C28D6003B240}.Release|x64.ActiveCfg = Release|x64
		{08ED48EF-492A-4F9E-A8CC-C28D6003B240}.Release|x64.Build.0 = Release|x64
		{08ED48EF-492A-4F9E-A8CC-C28D6003B240}.Release|x86.ActiveCfg = Release|Win32
		{08ED48EF-492A-4F9E-A8CC-C28D6003B240}.Release|x86.Build.0 = Release|Win32
		{F86BF260-9663-47AF-842D-05ABFA6DD849}.Debug|x64.ActiveCfg = Debug|x64
		{F86BF260-9663-47AF-842D-05ABFA6DD849}.Debug|x64.Build.0 = Debug|x64
		{F86BF260-9663-47AF-842D-05ABFA6DD849}.Debug|x86.ActiveCfg = Debug|Win32
		{F86BF260-9663-47AF-842D-05ABFA6DD849}.Debug|x86.Build.0 = Debug|Win32
		{F86BF260-9663-47AF-842D-05ABFA6DD849}.Release|x64.ActiveCfg = Release|x64
		{F86BF260-9663-47AF-842D-05ABFA6DD849}.Release|x64.Build.0 = Release|x64
		{F86BF260-9663-47AF-842D-05ABFA6DD849}.Release|x86.ActiveCfg = Release|Win32
		{F86BF260-9663-47AF-842D-05ABFA6DD849}.Release|x86.Build.0 = Release|Win32
		{FD1B9BB2-52CB-408B-8C11-32415AB550FF}.Debug|x64.ActiveCfg = Debug|x64
		{FD1B9BB2-52CB-408B-8C11-32415AB550FF}.Debug|x64.Build.0 = Debug|x64
		{FD1B9BB2-52CB-408B-8C11-32415AB550FF}.Debug|x86.ActiveCfg = Debug|Win32
		{FD1B9BB2-52CB-408B-8C11-32415AB550FF}.Debug|x86.Build.0 = Debug|Win32
		{FD1B9BB2-52CB-408B-8C11-32415AB550FF}.Release|x64.ActiveCfg = Release|x64
		{FD1B9BB2-52CB-408B-8C11-32415AB550FF}.Release|x64.Build.0 = Release|x64
		{FD1B9BB2-52CB-408B-8C11-32415AB550FF}.Release|x86.ActiveCfg = Release|Win32
		{FD1B9BB2-52CB-408B-8C11-32415AB550FF}.Release|x86.Build.0 = Release|Win32
		{B4CD20B3-9D39-4BA9-9762-F873D665C9E1}.Debug|x64.ActiveCfg = Debug|x64
		{B4CD20B3-9D39-4BA9-9762-F873D665C9E1}.Debug|x64.Build.0 = Debug|x64
		{B4CD20B3-9D39-4BA9-9762-F873D665C9E1}.Debug|x86.ActiveCfg = Debug|Win32
		{B4CD20B3-9D39-4BA9-9762-F873D665C9E1}.Debug|x86.Build.0 = Debug|Win32
		{B4CD20B3-9D39-4BA9-9762-F873D665C9E1}.Release|x64.ActiveCfg = Release|x64
		{B4CD20B3-9D39-4BA9-9762-F873D665C9E1}.Release|x64.Build.0 = Release|x64
		{B4CD20B3-9D39-4BA9-9762-F873D665C9E1}.Release|x86.ActiveCfg = Release|Win32
		{B4CD20B3-9D39-4BA9-9762-F873D665C9E1}.Release|x86.Build.0 = Release|Win32
		{1D0ECD23-3C01-4D8E-BE4C-5BC7A986AF42}.Debug|x64.ActiveCfg = Debug|x64
		{1D0ECD23-3C01-4D8E-BE4C-5BC7A986AF42}.Debug|x64.Build.0 = Debug|x64
		{1D0ECD23-3C01-4D8E-BE4C-5BC7A986AF42}.Debug|x86.ActiveCfg = Debug|Win32
		{1D0ECD23-3C01-4D8E-BE4C-5BC7A986AF42}.Debug|x86.Build.0 = Debug|Win32
		{1D0ECD23-3C01-4D8E-BE4C-5BC7A986AF42}.Release|x64.ActiveCfg = Release|x64
		{1D0ECD23-3C01-4D8E-BE4C-5BC7A986AF42}.Release|x64.Build.0 = Release|x64
		{1D0ECD23-3C01-4D8E-BE4C-5BC7A986AF42}.Release|x86.ActiveCfg = Release|Win32
		{1D0ECD23-3C01-4D8E-BE4C-5BC7A986AF42}.Release|x86.Build.0 = Release|Win32
		{D578F9B1-F5D3-408A-81C4-6FB9A40094EE}.Debug|x64.ActiveCfg = Debug|x64
		{D578F9B1-F5D3-408A-81C4-6FB9A40094EE}.Debug|x64.Build.0 = Debug|x64
		{D578F9B1-F5D3-408A-81C4-6FB9A40094EE}.Debug|x86.ActiveCfg = Debug|Win32
		{D578F9B1-F5D3-408A-81C4-6FB9A40094EE}.Debug|x86.Build.0 = Debug|Win32
		{D578F9B1-F5D3-408A-81C4-6FB9A40094EE}.Release|x64.ActiveCfg = Release|x64
		{D578F9B1-F5D3-408A-81C4-6FB9A40094EE}.Release|x64.Build.0 = Release|x64
		{D578F9B1-F5D3-408A-81C4-6FB9A40094EE}.Release|x86.ActiveCfg = Release|Win32
		{D578F9B1-F5D3-408A-81C4-6FB9A40094EE}.Release|x86.Build.0 = Release|Win32
		{2520A76E-BF6D-4449-87F0-EC845B1D396C}.Debug|x64.ActiveCfg = Debug|x64
		{2520A76E-BF6D-4449-87F0-EC845B1D396C}.Debug|x64.Build.0 = Debug|x64
		{2520A76E-BF6D-4449-87F0-EC845B1D396C}.Debug|x86.ActiveCfg = Debug|Win32
		{2520A76E-BF6D-4449-87F0-EC845B1D396C}.Debug|x86.Build.0 = Debug|Win32
		{2520A76E-BF6D-4449-87F0-EC845B1D396C}.Release|x64.ActiveCfg = Release|x64
		{2520A76E-BF6D-4449-87F0-EC845B1D396C}.Release|x64.Build.0 = Release|x64
		{2520A76E-BF6D-4449-87F0-EC845B1D396C}.Release|x86.ActiveCfg = Release|Win32
		{2520A76E-BF6D-4449-87F0-EC845B1D396C}.Release|x86.Build.0 = Release|Win32
		{FBE8D9C2-1211-4D53-940B-4BB747AD627B}.Debug|x64.ActiveCfg = Debug|x64
		{FBE8D9C2-1211-4D53-940B-4BB747AD627B}.Debug|x64.Build.0 = Debug|x64
		{FBE8D9C2-1211-4D53-940B-4BB747AD627B}.Debug|x86.ActiveCfg = Debug|Win32
		{FBE8D9C2-1211-4D53-940B-4BB747AD627B}.Debug|x86.Build.0 = Debug|Win32
		{FBE8D9C2-1211-4D53-940B-4BB747AD627B}.Release|x64.ActiveCfg = Release|x64
		{FBE8D9C2-1211-4D53-940B-4BB747AD627B}.Release|x64.Build.0 = Release|x64
		{FBE8D9C2-1211-4D53-940B-4BB747AD627B}.Release|x86.ActiveCfg = Release|Win32
		{FBE8D9C2-1211-4D53-940B-4BB747AD627B}.Release|x86.Build.0 = Release|Win32
		{368B071E-F550-46FE-BE9B-480878C718A1}.Debug|x64.ActiveCfg = Debug|x64
		{368B071E-F550-46FE-BE9B-480878C718A1}.Debug|x64.Build.0 = Debug|x64
		{368B071E-F550-46FE-BE9B-480878C718A1}.Debug|x86.ActiveCfg = Debug|Win32
		{368B071E-F550-46FE-BE9B-480878C718A1}.Debug|x86.Build.0 = Debug|Win32
		{368B071E-F550-46FE-BE9B-480878C718A1}.Release|x64.ActiveCfg = Release|x64
		{368B071E-F550-46FE-BE9B-480878C718A1}.Release|x64.Build.0 = Release|x64
		{368B071E-F550-46FE-BE9B-480878C718A1}.Release|x86.ActiveCfg = Release|Win32
		{368B071E-F550-46FE-BE9B-480878C718A1}.Release|x86.Build.0 = Release|Win32
		{85141108-8B5A-4E7D-A2C5-FCB436151987}.Debug|x64.ActiveCfg = Debug|x64
		{85141108-8B5A-4E7D-A2C5-FCB436151987}.Debug|x64.Build.0 = Debug|x64
		{85141108-8B5A-4E7D-A2C5-FCB436151987}.Debug|x86.ActiveCfg = Debug|Win32
		{85141108-8B5A-4E7D-A2C5-FCB436151987}.Debug|x86.Build.0 = Debug|Win32
		{85141108-8B5A-4E7D-A2C5-FCB436151987}.Release|x64.ActiveCfg = Release|x64
		{85141108-8B5A-4E7D-A2C5-FCB436151987}.Release|x64.Build.0 = Release|x64
		{85141108-8B5A-4E7D-A2C5-FCB436151987}.Release|x86.ActiveCfg = Release|Win32
		{85141108-8B5A-4E7D-A2C5-FCB436151987}.Release|x86.Build.0 = Release|Win32
		{B3286B6F-D691-4DC1-B4FF-09E1156EC1CA}.Debug|x64.ActiveCfg = Debug|x64
		{B3286B6F-D691-4DC1-B4FF-09E1156EC1CA}.Debug|x64.Build.0 = Debug|x64
		{B3286B6F-D691-4DC1-B4FF-09E1156EC1CA}.Debug|x86.ActiveCfg = Debug|Win32
		{B3286B6F-D691-4DC1-B4FF-09E1156EC1CA}.Debug|x86.Build.0 = Debug|Win32
		{B3286B6F-D691-4DC1-B4FF-09E1156EC1CA}.Release|x64.ActiveCfg = Release|x64
		{B3286B6F-D691-4DC1-B4FF-09E1156EC1CA}.Release|x64.Build.0 = Release|x64
		{B3286B6F-D691-4DC1-B4FF-09E1156EC1CA}.Release|x86.ActiveCfg = Release|Win32
		{B3286B6F-D691-4DC1-B4FF-09E1156EC1CA}.Release|x86.Build.0 = Release|Win32
	EndGlobalSection
	GlobalSection(SolutionProperties) = preSolution
		HideSolutionNode = FALSE
	EndGlobalSection
	GlobalSection(ExtensibilityGlobals) = postSolution
		SolutionGuid = {D2C19321-7C99-4A1F-A86B-8F6D58A9FE9F}
	EndGlobalSection
EndGlobal
